# This file is automatically @generated by Cargo.
# It is not intended for manual editing.
version = 3

[[package]]
name = "nocturnal"
version = "0.1.0"
dependencies = [
 "nocturnal-core",
 "nocturnal-discord",
 "nocturnal-provision",
 "nocturnal-store",
 "nocturnal-telemetry",
]

[[package]]
name = "nocturnal-core"
version = "0.1.0"

[[package]]
name = "nocturnal-discord"
version = "0.1.0"

[[package]]
name = "nocturnal-migrate"
version = "0.1.0"

[[package]]
name = "nocturnal-provision"
version = "0.1.0"

[[package]]
name = "nocturnal-store"
version = "0.1.0"

[[package]]
name = "nocturnal-telemetry"
version = "0.1.0"
